
Microsoft Visual Studio Solution File, Format Version 12.00
# Visual Studio Version 17
VisualStudioVersion = 17.4.33205.214
MinimumVisualStudioVersion = 10.0.40219.1
Project("{9A19103F-16F7-4668-BE54-9A1E7A4F7556}") = "guest-api", "guest-api\guest-api.csproj", "{64774236-A969-4F24-958B-4E29C9D8A60D}"
EndProject
Project("{9A19103F-16F7-4668-BE54-9A1E7A4F7556}") = "host-api", "host-api\host-api.csproj", "{183F4CB2-14F2-40DA-BEBF-C8EA1BDBCB4D}"
EndProject
Project("{E53339B2-1760-4266-BCC7-CA923CBCF16C}") = "docker-compose", "docker-compose.dcproj", "{82C1A3AD-7A61-4E96-A914-E346447361B0}"
EndProject
Project("{FAE04EC0-301F-11D3-BF4B-00C04F79EFBC}") = "host-api-tests", "..\host-api-tests\host-api-tests.csproj", "{F8BB2474-D1DC-40FC-8B3A-3A1354A887FA}"
EndProject
Global
	GlobalSection(SolutionConfigurationPlatforms) = preSolution
		Debug|Any CPU = Debug|Any CPU
		Release|Any CPU = Release|Any CPU
	EndGlobalSection
	GlobalSection(ProjectConfigurationPlatforms) = postSolution
		{64774236-A969-4F24-958B-4E29C9D8A60D}.Debug|Any CPU.ActiveCfg = Debug|Any CPU
		{64774236-A969-4F24-958B-4E29C9D8A60D}.Debug|Any CPU.Build.0 = Debug|Any CPU
		{64774236-A969-4F24-958B-4E29C9D8A60D}.Release|Any CPU.ActiveCfg = Release|Any CPU
		{64774236-A969-4F24-958B-4E29C9D8A60D}.Release|Any CPU.Build.0 = Release|Any CPU
		{183F4CB2-14F2-40DA-BEBF-C8EA1BDBCB4D}.Debug|Any CPU.ActiveCfg = Debug|Any CPU
		{183F4CB2-14F2-40DA-BEBF-C8EA1BDBCB4D}.Debug|Any CPU.Build.0 = Debug|Any CPU
		{183F4CB2-14F2-40DA-BEBF-C8EA1BDBCB4D}.Release|Any CPU.ActiveCfg = Release|Any CPU
		{183F4CB2-14F2-40DA-BEBF-C8EA1BDBCB4D}.Release|Any CPU.Build.0 = Release|Any CPU
		{82C1A3AD-7A61-4E96-A914-E346447361B0}.Debug|Any CPU.ActiveCfg = Debug|Any CPU
		{82C1A3AD-7A61-4E96-A914-E346447361B0}.Debug|Any CPU.Build.0 = Debug|Any CPU
		{82C1A3AD-7A61-4E96-A914-E346447361B0}.Release|Any CPU.ActiveCfg = Release|Any CPU
		{82C1A3AD-7A61-4E96-A914-E346447361B0}.Release|Any CPU.Build.0 = Release|Any CPU
		{F8BB2474-D1DC-40FC-8B3A-3A1354A887FA}.Debug|Any CPU.ActiveCfg = Debug|Any CPU
		{F8BB2474-D1DC-40FC-8B3A-3A1354A887FA}.Debug|Any CPU.Build.0 = Debug|Any CPU
		{F8BB2474-D1DC-40FC-8B3A-3A1354A887FA}.Release|Any CPU.ActiveCfg = Release|Any CPU
		{F8BB2474-D1DC-40FC-8B3A-3A1354A887FA}.Release|Any CPU.Build.0 = Release|Any CPU
	EndGlobalSection
	GlobalSection(SolutionProperties) = preSolution
		HideSolutionNode = FALSE
	EndGlobalSection
	GlobalSection(ExtensibilityGlobals) = postSolution
		SolutionGuid = {BA23773E-6FFD-4DA3-AAF8-565A3A118438}
	EndGlobalSection
EndGlobal
