
Microsoft Visual Studio Solution File, Format Version 12.00
# Visual Studio Version 17
VisualStudioVersion = 17.4.33205.214
MinimumVisualStudioVersion = 10.0.40219.1
Project("{9A19103F-16F7-4668-BE54-9A1E7A4F7556}") = "guest-api", "guest-api\guest-api.csproj", "{64774236-A969-4F24-958B-4E29C9D8A60D}"
EndProject
Project("{9A19103F-16F7-4668-BE54-9A1E7A4F7556}") = "host-api", "host-api\host-api.csproj", "{183F4CB2-14F2-40DA-BEBF-C8EA1BDBCB4D}"
EndProject
Project("{E53339B2-1760-4266-BCC7-CA923CBCF16C}") = "docker-compose", "docker-compose.dcproj", "{82C1A3AD-7A61-4E96-A914-E346447361B0}"
EndProject
Project("{9A19103F-16F7-4668-BE54-9A1E7A4F7556}") = "host-api-tests", "host-api-tests\host-api-tests.csproj", "{F8BB2474-D1DC-40FC-8B3A-3A1354A887FA}"
EndProject
Project("{9A19103F-16F7-4668-BE54-9A1E7A4F7556}") = "host-domain", "host-domain\host-domain.csproj", "{EB11A3E7-1948-4FAD-BC87-CC89D2AAE143}"
EndProject
Project("{2150E333-8FDC-42A3-9474-1A3956D46DE8}") = "Shared", "Shared", "{7925963F-0F2E-4516-8C53-0ACF7273CB91}"
EndProject
Project("{9A19103F-16F7-4668-BE54-9A1E7A4F7556}") = "commands", "commands\commands.csproj", "{AF430303-C727-41E7-AAE9-DC6BA14D6C95}"
EndProject
Project("{9A19103F-16F7-4668-BE54-9A1E7A4F7556}") = "host-domain-tests", "host-domain-tests\host-domain-tests.csproj", "{60FB9B3B-C665-4CB8-88DD-C4CECDA66F7F}"
EndProject
Project("{9A19103F-16F7-4668-BE54-9A1E7A4F7556}") = "events", "events\events.csproj", "{399072A9-D4A8-44DD-8A65-13E9A6B0E979}"
EndProject
Project("{9A19103F-16F7-4668-BE54-9A1E7A4F7556}") = "host-projections", "host-projections\host-projections.csproj", "{ABD489EC-08E8-47DC-8D42-F750F3043024}"
EndProject
Project("{9A19103F-16F7-4668-BE54-9A1E7A4F7556}") = "view-models", "view-models\view-models.csproj", "{A7FDFE4E-3BB2-48CD-B54E-E693053D85E5}"
EndProject
Project("{9A19103F-16F7-4668-BE54-9A1E7A4F7556}") = "rabbitmq-infrastructure", "rabbitmq-infrastructure\rabbitmq-infrastructure.csproj", "{48B25BC6-67E8-49AB-A510-B04F649E198A}"
EndProject
Project("{9A19103F-16F7-4668-BE54-9A1E7A4F7556}") = "host-projections-tests", "host-projections-tests\host-projections-tests.csproj", "{D8D810CE-C901-4A87-8CB0-B19843ECEF25}"
EndProject
Project("{2150E333-8FDC-42A3-9474-1A3956D46DE8}") = "host", "host", "{7EFFE53D-71D5-4B12-9532-43CF57ECF34D}"
EndProject
Project("{2150E333-8FDC-42A3-9474-1A3956D46DE8}") = "tests", "tests", "{7CEA573C-7C59-4786-9551-EB755B5FC3D1}"
EndProject
Project("{2150E333-8FDC-42A3-9474-1A3956D46DE8}") = "host", "host", "{0B534E88-25A1-41BA-8D9D-4F5F037B205A}"
EndProject
Project("{2150E333-8FDC-42A3-9474-1A3956D46DE8}") = "admin", "admin", "{E825D9F1-8A2D-4B8B-8966-F822D6473179}"
EndProject
Project("{9A19103F-16F7-4668-BE54-9A1E7A4F7556}") = "admin-api", "admin-api\admin-api.csproj", "{C8E3346C-E58A-4BAC-8421-F5C75C765E0A}"
EndProject
Project("{9A19103F-16F7-4668-BE54-9A1E7A4F7556}") = "admin-domain", "admin-domain\admin-domain.csproj", "{161BBB38-1793-48EB-820D-82FEAE8B0AEE}"
EndProject
Project("{9A19103F-16F7-4668-BE54-9A1E7A4F7556}") = "admin-projections", "admin-projections\admin-projections.csproj", "{4E5138C5-3D3F-419B-B958-6B4B72FB86D6}"
EndProject
Project("{FAE04EC0-301F-11D3-BF4B-00C04F79EFBC}") = "admin-acl", "admin-acl\admin-acl.csproj", "{3D70D484-ACD8-481C-8424-9DF27EC027C3}"
EndProject
Global
	GlobalSection(SolutionConfigurationPlatforms) = preSolution
		Debug|Any CPU = Debug|Any CPU
		Release|Any CPU = Release|Any CPU
	EndGlobalSection
	GlobalSection(ProjectConfigurationPlatforms) = postSolution
		{64774236-A969-4F24-958B-4E29C9D8A60D}.Debug|Any CPU.ActiveCfg = Debug|Any CPU
		{64774236-A969-4F24-958B-4E29C9D8A60D}.Debug|Any CPU.Build.0 = Debug|Any CPU
		{64774236-A969-4F24-958B-4E29C9D8A60D}.Release|Any CPU.ActiveCfg = Release|Any CPU
		{64774236-A969-4F24-958B-4E29C9D8A60D}.Release|Any CPU.Build.0 = Release|Any CPU
		{183F4CB2-14F2-40DA-BEBF-C8EA1BDBCB4D}.Debug|Any CPU.ActiveCfg = Debug|Any CPU
		{183F4CB2-14F2-40DA-BEBF-C8EA1BDBCB4D}.Debug|Any CPU.Build.0 = Debug|Any CPU
		{183F4CB2-14F2-40DA-BEBF-C8EA1BDBCB4D}.Release|Any CPU.ActiveCfg = Release|Any CPU
		{183F4CB2-14F2-40DA-BEBF-C8EA1BDBCB4D}.Release|Any CPU.Build.0 = Release|Any CPU
		{82C1A3AD-7A61-4E96-A914-E346447361B0}.Debug|Any CPU.ActiveCfg = Debug|Any CPU
		{82C1A3AD-7A61-4E96-A914-E346447361B0}.Debug|Any CPU.Build.0 = Debug|Any CPU
		{82C1A3AD-7A61-4E96-A914-E346447361B0}.Release|Any CPU.ActiveCfg = Release|Any CPU
		{82C1A3AD-7A61-4E96-A914-E346447361B0}.Release|Any CPU.Build.0 = Release|Any CPU
		{F8BB2474-D1DC-40FC-8B3A-3A1354A887FA}.Debug|Any CPU.ActiveCfg = Debug|Any CPU
		{F8BB2474-D1DC-40FC-8B3A-3A1354A887FA}.Debug|Any CPU.Build.0 = Debug|Any CPU
		{F8BB2474-D1DC-40FC-8B3A-3A1354A887FA}.Release|Any CPU.ActiveCfg = Release|Any CPU
		{F8BB2474-D1DC-40FC-8B3A-3A1354A887FA}.Release|Any CPU.Build.0 = Release|Any CPU
		{EB11A3E7-1948-4FAD-BC87-CC89D2AAE143}.Debug|Any CPU.ActiveCfg = Debug|Any CPU
		{EB11A3E7-1948-4FAD-BC87-CC89D2AAE143}.Debug|Any CPU.Build.0 = Debug|Any CPU
		{EB11A3E7-1948-4FAD-BC87-CC89D2AAE143}.Release|Any CPU.ActiveCfg = Release|Any CPU
		{EB11A3E7-1948-4FAD-BC87-CC89D2AAE143}.Release|Any CPU.Build.0 = Release|Any CPU
		{AF430303-C727-41E7-AAE9-DC6BA14D6C95}.Debug|Any CPU.ActiveCfg = Debug|Any CPU
		{AF430303-C727-41E7-AAE9-DC6BA14D6C95}.Debug|Any CPU.Build.0 = Debug|Any CPU
		{AF430303-C727-41E7-AAE9-DC6BA14D6C95}.Release|Any CPU.ActiveCfg = Release|Any CPU
		{AF430303-C727-41E7-AAE9-DC6BA14D6C95}.Release|Any CPU.Build.0 = Release|Any CPU
		{60FB9B3B-C665-4CB8-88DD-C4CECDA66F7F}.Debug|Any CPU.ActiveCfg = Debug|Any CPU
		{60FB9B3B-C665-4CB8-88DD-C4CECDA66F7F}.Debug|Any CPU.Build.0 = Debug|Any CPU
		{60FB9B3B-C665-4CB8-88DD-C4CECDA66F7F}.Release|Any CPU.ActiveCfg = Release|Any CPU
		{60FB9B3B-C665-4CB8-88DD-C4CECDA66F7F}.Release|Any CPU.Build.0 = Release|Any CPU
		{399072A9-D4A8-44DD-8A65-13E9A6B0E979}.Debug|Any CPU.ActiveCfg = Debug|Any CPU
		{399072A9-D4A8-44DD-8A65-13E9A6B0E979}.Debug|Any CPU.Build.0 = Debug|Any CPU
		{399072A9-D4A8-44DD-8A65-13E9A6B0E979}.Release|Any CPU.ActiveCfg = Release|Any CPU
		{399072A9-D4A8-44DD-8A65-13E9A6B0E979}.Release|Any CPU.Build.0 = Release|Any CPU
		{ABD489EC-08E8-47DC-8D42-F750F3043024}.Debug|Any CPU.ActiveCfg = Debug|Any CPU
		{ABD489EC-08E8-47DC-8D42-F750F3043024}.Debug|Any CPU.Build.0 = Debug|Any CPU
		{ABD489EC-08E8-47DC-8D42-F750F3043024}.Release|Any CPU.ActiveCfg = Release|Any CPU
		{ABD489EC-08E8-47DC-8D42-F750F3043024}.Release|Any CPU.Build.0 = Release|Any CPU
		{A7FDFE4E-3BB2-48CD-B54E-E693053D85E5}.Debug|Any CPU.ActiveCfg = Debug|Any CPU
		{A7FDFE4E-3BB2-48CD-B54E-E693053D85E5}.Debug|Any CPU.Build.0 = Debug|Any CPU
		{A7FDFE4E-3BB2-48CD-B54E-E693053D85E5}.Release|Any CPU.ActiveCfg = Release|Any CPU
		{A7FDFE4E-3BB2-48CD-B54E-E693053D85E5}.Release|Any CPU.Build.0 = Release|Any CPU
		{48B25BC6-67E8-49AB-A510-B04F649E198A}.Debug|Any CPU.ActiveCfg = Debug|Any CPU
		{48B25BC6-67E8-49AB-A510-B04F649E198A}.Debug|Any CPU.Build.0 = Debug|Any CPU
		{48B25BC6-67E8-49AB-A510-B04F649E198A}.Release|Any CPU.ActiveCfg = Release|Any CPU
		{48B25BC6-67E8-49AB-A510-B04F649E198A}.Release|Any CPU.Build.0 = Release|Any CPU
		{D8D810CE-C901-4A87-8CB0-B19843ECEF25}.Debug|Any CPU.ActiveCfg = Debug|Any CPU
		{D8D810CE-C901-4A87-8CB0-B19843ECEF25}.Debug|Any CPU.Build.0 = Debug|Any CPU
		{D8D810CE-C901-4A87-8CB0-B19843ECEF25}.Release|Any CPU.ActiveCfg = Release|Any CPU
		{D8D810CE-C901-4A87-8CB0-B19843ECEF25}.Release|Any CPU.Build.0 = Release|Any CPU
		{C8E3346C-E58A-4BAC-8421-F5C75C765E0A}.Debug|Any CPU.ActiveCfg = Debug|Any CPU
		{C8E3346C-E58A-4BAC-8421-F5C75C765E0A}.Debug|Any CPU.Build.0 = Debug|Any CPU
		{C8E3346C-E58A-4BAC-8421-F5C75C765E0A}.Release|Any CPU.ActiveCfg = Release|Any CPU
		{C8E3346C-E58A-4BAC-8421-F5C75C765E0A}.Release|Any CPU.Build.0 = Release|Any CPU
		{161BBB38-1793-48EB-820D-82FEAE8B0AEE}.Debug|Any CPU.ActiveCfg = Debug|Any CPU
		{161BBB38-1793-48EB-820D-82FEAE8B0AEE}.Debug|Any CPU.Build.0 = Debug|Any CPU
		{161BBB38-1793-48EB-820D-82FEAE8B0AEE}.Release|Any CPU.ActiveCfg = Release|Any CPU
		{161BBB38-1793-48EB-820D-82FEAE8B0AEE}.Release|Any CPU.Build.0 = Release|Any CPU
		{4E5138C5-3D3F-419B-B958-6B4B72FB86D6}.Debug|Any CPU.ActiveCfg = Debug|Any CPU
		{4E5138C5-3D3F-419B-B958-6B4B72FB86D6}.Debug|Any CPU.Build.0 = Debug|Any CPU
		{4E5138C5-3D3F-419B-B958-6B4B72FB86D6}.Release|Any CPU.ActiveCfg = Release|Any CPU
		{4E5138C5-3D3F-419B-B958-6B4B72FB86D6}.Release|Any CPU.Build.0 = Release|Any CPU
		{3D70D484-ACD8-481C-8424-9DF27EC027C3}.Debug|Any CPU.ActiveCfg = Debug|Any CPU
		{3D70D484-ACD8-481C-8424-9DF27EC027C3}.Debug|Any CPU.Build.0 = Debug|Any CPU
		{3D70D484-ACD8-481C-8424-9DF27EC027C3}.Release|Any CPU.ActiveCfg = Release|Any CPU
		{3D70D484-ACD8-481C-8424-9DF27EC027C3}.Release|Any CPU.Build.0 = Release|Any CPU
	EndGlobalSection
	GlobalSection(SolutionProperties) = preSolution
		HideSolutionNode = FALSE
	EndGlobalSection
	GlobalSection(NestedProjects) = preSolution
		{183F4CB2-14F2-40DA-BEBF-C8EA1BDBCB4D} = {7EFFE53D-71D5-4B12-9532-43CF57ECF34D}
		{F8BB2474-D1DC-40FC-8B3A-3A1354A887FA} = {0B534E88-25A1-41BA-8D9D-4F5F037B205A}
		{EB11A3E7-1948-4FAD-BC87-CC89D2AAE143} = {7EFFE53D-71D5-4B12-9532-43CF57ECF34D}
		{AF430303-C727-41E7-AAE9-DC6BA14D6C95} = {7925963F-0F2E-4516-8C53-0ACF7273CB91}
		{60FB9B3B-C665-4CB8-88DD-C4CECDA66F7F} = {0B534E88-25A1-41BA-8D9D-4F5F037B205A}
		{399072A9-D4A8-44DD-8A65-13E9A6B0E979} = {7925963F-0F2E-4516-8C53-0ACF7273CB91}
		{ABD489EC-08E8-47DC-8D42-F750F3043024} = {7EFFE53D-71D5-4B12-9532-43CF57ECF34D}
		{A7FDFE4E-3BB2-48CD-B54E-E693053D85E5} = {7925963F-0F2E-4516-8C53-0ACF7273CB91}
		{48B25BC6-67E8-49AB-A510-B04F649E198A} = {7925963F-0F2E-4516-8C53-0ACF7273CB91}
		{D8D810CE-C901-4A87-8CB0-B19843ECEF25} = {0B534E88-25A1-41BA-8D9D-4F5F037B205A}
		{0B534E88-25A1-41BA-8D9D-4F5F037B205A} = {7CEA573C-7C59-4786-9551-EB755B5FC3D1}
		{C8E3346C-E58A-4BAC-8421-F5C75C765E0A} = {E825D9F1-8A2D-4B8B-8966-F822D6473179}
		{161BBB38-1793-48EB-820D-82FEAE8B0AEE} = {E825D9F1-8A2D-4B8B-8966-F822D6473179}
		{4E5138C5-3D3F-419B-B958-6B4B72FB86D6} = {E825D9F1-8A2D-4B8B-8966-F822D6473179}
		{3D70D484-ACD8-481C-8424-9DF27EC027C3} = {E825D9F1-8A2D-4B8B-8966-F822D6473179}
	EndGlobalSection
	GlobalSection(ExtensibilityGlobals) = postSolution
		SolutionGuid = {BA23773E-6FFD-4DA3-AAF8-565A3A118438}
	EndGlobalSection
EndGlobal
